version = 1
requires-python = ">=3.10"

[[package]]
name = "ical2json"
version = "0.1.0"
source = { virtual = "." }
dependencies = [
    { name = "icalendar" },
    { name = "icalevents" },
]

[package.metadata]
requires-dist = [
    { name = "icalendar", specifier = "~=6.1.1" },
    { name = "icalevents", specifier = "~=0.2.1" },
]

[[package]]
name = "icalendar"
version = "6.1.1"
source = { registry = "https://pypi.org/simple" }
dependencies = [
    { name = "python-dateutil" },
    { name = "tzdata" },
]
sdist = { url = "https://files.pythonhosted.org/packages/fd/b3/8fcd017f8fbaf5c3b8cd1e21dcc3f12158ce08c577b426c3c8eb21373656/icalendar-6.1.1.tar.gz", hash = "sha256:2c44355a8f006de5ae73fa3f022a1cbe2a0de6b1607ce8879739eb887c4f3471", size = 145256 }
wheels = [
    { url = "https://files.pythonhosted.org/packages/d1/cd/a1656e6db3cbb31335d1e62bb94733ad3744d51c63103196d684ed94fa27/icalendar-6.1.1-py3-none-any.whl", hash = "sha256:accf3a4be9a1f89bad00e0bf14103b02cd9b02dcb9b4258eb717f39d24cf58e9", size = 200629 },
]

[[package]]
name = "icalevents"
version = "0.2.1"
source = { registry = "https://pypi.org/simple" }
dependencies = [
    { name = "icalendar" },
    { name = "python-dateutil" },
    { name = "pytz" },
    { name = "urllib3" },
]
sdist = { url = "https://files.pythonhosted.org/packages/91/89/ce1d2abf0237097f0f2bb157bf85c9708ab35ba37f7d1204a39b9600f482/icalevents-0.2.1.tar.gz", hash = "sha256:b7f2827b581269d4315b345b54cf7d661b4453a7b190f7dbef99e5ba8f5669e1", size = 9067 }
wheels = [
    { url = "https://files.pythonhosted.org/packages/54/6c/dfadd0ed128769fd6eb2fafa64b62a2a2186ec9ce3bbb71d01b133b0bc40/icalevents-0.2.1-py3-none-any.whl", hash = "sha256:c5186fea094a56d97ba01c805f6338875e299e7ebc4bc6bf8068399fbb7e5724", size = 10122 },
]

[[package]]
name = "python-dateutil"
version = "2.9.0.post0"
source = { registry = "https://pypi.org/simple" }
dependencies = [
    { name = "six" },
]
sdist = { url = "https://files.pythonhosted.org/packages/66/c0/0c8b6ad9f17a802ee498c46e004a0eb49bc148f2fd230864601a86dcf6db/python-dateutil-2.9.0.post0.tar.gz", hash = "sha256:37dd54208da7e1cd875388217d5e00ebd4179249f90fb72437e91a35459a0ad3", size = 342432 }
wheels = [
    { url = "https://files.pythonhosted.org/packages/ec/57/56b9bcc3c9c6a792fcbaf139543cee77261f3651ca9da0c93f5c1221264b/python_dateutil-2.9.0.post0-py2.py3-none-any.whl", hash = "sha256:a8b2bc7bffae282281c8140a97d3aa9c14da0b136dfe83f850eea9a5f7470427", size = 229892 },
]

[[package]]
name = "pytz"
version = "2024.2"
source = { registry = "https://pypi.org/simple" }
sdist = { url = "https://files.pythonhosted.org/packages/3a/31/3c70bf7603cc2dca0f19bdc53b4537a797747a58875b552c8c413d963a3f/pytz-2024.2.tar.gz", hash = "sha256:2aa355083c50a0f93fa581709deac0c9ad65cca8a9e9beac660adcbd493c798a", size = 319692 }
wheels = [
    { url = "https://files.pythonhosted.org/packages/11/c3/005fcca25ce078d2cc29fd559379817424e94885510568bc1bc53d7d5846/pytz-2024.2-py2.py3-none-any.whl", hash = "sha256:31c7c1817eb7fae7ca4b8c7ee50c72f93aa2dd863de768e1ef4245d426aa0725", size = 508002 },
]

[[package]]
name = "six"
version = "1.17.0"
source = { registry = "https://pypi.org/simple" }
sdist = { url = "https://files.pythonhosted.org/packages/94/e7/b2c673351809dca68a0e064b6af791aa332cf192da575fd474ed7d6f16a2/six-1.17.0.tar.gz", hash = "sha256:ff70335d468e7eb6ec65b95b99d3a2836546063f63acc5171de367e834932a81", size = 34031 }
wheels = [
    { url = "https://files.pythonhosted.org/packages/b7/ce/149a00dd41f10bc29e5921b496af8b574d8413afcd5e30dfa0ed46c2cc5e/six-1.17.0-py2.py3-none-any.whl", hash = "sha256:4721f391ed90541fddacab5acf947aa0d3dc7d27b2e1e8eda2be8970586c3274", size = 11050 },
]

[[package]]
name = "tzdata"
version = "2025.1"
source = { registry = "https://pypi.org/simple" }
sdist = { url = "https://files.pythonhosted.org/packages/43/0f/fa4723f22942480be4ca9527bbde8d43f6c3f2fe8412f00e7f5f6746bc8b/tzdata-2025.1.tar.gz", hash = "sha256:24894909e88cdb28bd1636c6887801df64cb485bd593f2fd83ef29075a81d694", size = 194950 }
wheels = [
    { url = "https://files.pythonhosted.org/packages/0f/dd/84f10e23edd882c6f968c21c2434fe67bd4a528967067515feca9e611e5e/tzdata-2025.1-py2.py3-none-any.whl", hash = "sha256:7e127113816800496f027041c570f50bcd464a020098a3b6b199517772303639", size = 346762 },
]

[[package]]
name = "urllib3"
version = "2.3.0"
source = { registry = "https://pypi.org/simple" }
sdist = { url = "https://files.pythonhosted.org/packages/aa/63/e53da845320b757bf29ef6a9062f5c669fe997973f966045cb019c3f4b66/urllib3-2.3.0.tar.gz", hash = "sha256:f8c5449b3cf0861679ce7e0503c7b44b5ec981bec0d1d3795a07f1ba96f0204d", size = 307268 }
wheels = [
    { url = "https://files.pythonhosted.org/packages/c8/19/4ec628951a74043532ca2cf5d97b7b14863931476d117c471e8e2b1eb39f/urllib3-2.3.0-py3-none-any.whl", hash = "sha256:1cee9ad369867bfdbbb48b7dd50374c0967a0bb7710050facf0dd6911440e3df", size = 128369 },
]
